
Microsoft Visual Studio Solution File, Format Version 11.00
# Visual Studio 2010
Project("{FAE04EC0-301F-11D3-BF4B-00C04F79EFBC}") = "OneNoteDuplicatesRemover", "OneNoteDuplicatesRemover.csproj", "{79DE57C8-7D4F-4176-9BCD-7BB3AACBE999}"
EndProject
Global
	GlobalSection(SolutionConfigurationPlatforms) = preSolution
		Debug|Any CPU = Debug|Any CPU
		Release|Any CPU = Release|Any CPU
	EndGlobalSection
	GlobalSection(ProjectConfigurationPlatforms) = postSolution
		{79DE57C8-7D4F-4176-9BCD-7BB3AACBE999}.Debug|Any CPU.ActiveCfg = Debug|Any CPU
		{79DE57C8-7D4F-4176-9BCD-7BB3AACBE999}.Debug|Any CPU.Build.0 = Debug|Any CPU
		{79DE57C8-7D4F-4176-9BCD-7BB3AACBE999}.Release|Any CPU.ActiveCfg = Release|Any CPU
		{79DE57C8-7D4F-4176-9BCD-7BB3AACBE999}.Release|Any CPU.Build.0 = Release|Any CPU
	EndGlobalSection
	GlobalSection(SolutionProperties) = preSolution
		HideSolutionNode = FALSE
	EndGlobalSection
EndGlobal
