Microsoft Visual Studio Solution File, Format Version 12.00
# Visual Studio 15
VisualStudioVersion = 15.0.26730.12
MinimumVisualStudioVersion = 10.0.40219.1
Project("{FAE04EC0-301F-11D3-BF4B-00C04F79EFBC}") = "OneNoteDuplicatesRemover", "OneNoteDuplicatesRemover.csproj", "{79DE57C8-7D4F-4176-9BCD-7BB3AACBE999}"
EndProject
Global
	GlobalSection(SolutionConfigurationPlatforms) = preSolution
		Debug|x64 = Debug|x64
		Debug|x86 = Debug|x86
		Release|x64 = Release|x64
		Release|x86 = Release|x86
	EndGlobalSection
	GlobalSection(ProjectConfigurationPlatforms) = postSolution
		{79DE57C8-7D4F-4176-9BCD-7BB3AACBE999}.Debug|x64.ActiveCfg = Debug|x64
		{79DE57C8-7D4F-4176-9BCD-7BB3AACBE999}.Debug|x64.Build.0 = Debug|x64
		{79DE57C8-7D4F-4176-9BCD-7BB3AACBE999}.Debug|x86.ActiveCfg = Debug|x86
		{79DE57C8-7D4F-4176-9BCD-7BB3AACBE999}.Debug|x86.Build.0 = Debug|x86
		{79DE57C8-7D4F-4176-9BCD-7BB3AACBE999}.Release|x64.ActiveCfg = Release|x64
		{79DE57C8-7D4F-4176-9BCD-7BB3AACBE999}.Release|x64.Build.0 = Release|x64
		{79DE57C8-7D4F-4176-9BCD-7BB3AACBE999}.Release|x86.ActiveCfg = Release|x86
		{79DE57C8-7D4F-4176-9BCD-7BB3AACBE999}.Release|x86.Build.0 = Release|x86
	EndGlobalSection
	GlobalSection(SolutionProperties) = preSolution
		HideSolutionNode = FALSE
	EndGlobalSection
	GlobalSection(ExtensibilityGlobals) = postSolution
		SolutionGuid = {DEF297B5-BB9B-42C6-8ED1-DEE4DCAA3643}
	EndGlobalSection
EndGlobal
